// !$*UTF8*$!
{
	archiveVersion = 1;
	classes = {
	};
	objectVersion = 56;
	objects = {

/* Begin PBXBuildFile section */
		8358EA0F2BAFD9DC00D8D065 /* ProductDetailView.swift in Sources */ = {isa = PBXBuildFile; fileRef = 8358EA0E2BAFD9DC00D8D065 /* ProductDetailView.swift */; };
		8358EA112BAFDDA000D8D065 /* ProductDetailViewModel.swift in Sources */ = {isa = PBXBuildFile; fileRef = 8358EA102BAFDDA000D8D065 /* ProductDetailViewModel.swift */; };
		8358EA132BAFE01E00D8D065 /* NutritionModel.swift in Sources */ = {isa = PBXBuildFile; fileRef = 8358EA122BAFE01E00D8D065 /* NutritionModel.swift */; };
		8358EA152BAFE10400D8D065 /* ImageModel.swift in Sources */ = {isa = PBXBuildFile; fileRef = 8358EA142BAFE10400D8D065 /* ImageModel.swift */; };
		8358EA182BB0091A00D8D065 /* FavouriteView.swift in Sources */ = {isa = PBXBuildFile; fileRef = 8358EA172BB0091A00D8D065 /* FavouriteView.swift */; };
		83694E9E2BAD0110002D1AE2 /* ExploreView.swift in Sources */ = {isa = PBXBuildFile; fileRef = 83694E9D2BAD0110002D1AE2 /* ExploreView.swift */; };
		83694EA02BAD0ED7002D1AE2 /* TabButton.swift in Sources */ = {isa = PBXBuildFile; fileRef = 83694E9F2BAD0ED7002D1AE2 /* TabButton.swift */; };
		83694EA22BAD1B67002D1AE2 /* SearchTextField.swift in Sources */ = {isa = PBXBuildFile; fileRef = 83694EA12BAD1B66002D1AE2 /* SearchTextField.swift */; };
		83694EA42BAD3004002D1AE2 /* SectionTitleAll.swift in Sources */ = {isa = PBXBuildFile; fileRef = 83694EA32BAD3004002D1AE2 /* SectionTitleAll.swift */; };
		83694EA62BAD3D59002D1AE2 /* ProductCell.swift in Sources */ = {isa = PBXBuildFile; fileRef = 83694EA52BAD3D59002D1AE2 /* ProductCell.swift */; };
		83694EA82BAD43F7002D1AE2 /* CategoryCell.swift in Sources */ = {isa = PBXBuildFile; fileRef = 83694EA72BAD43F7002D1AE2 /* CategoryCell.swift */; };
		83694EAA2BAD4BC0002D1AE2 /* ProductModel.swift in Sources */ = {isa = PBXBuildFile; fileRef = 83694EA92BAD4BC0002D1AE2 /* ProductModel.swift */; };
		83694EAC2BAD516A002D1AE2 /* TypeModel.swift in Sources */ = {isa = PBXBuildFile; fileRef = 83694EAB2BAD516A002D1AE2 /* TypeModel.swift */; };
		83694EAF2BAD6071002D1AE2 /* SDWebImageSwiftUI in Frameworks */ = {isa = PBXBuildFile; productRef = 83694EAE2BAD6071002D1AE2 /* SDWebImageSwiftUI */; };
		837B30102BB01418008D1A20 /* FavouriteRow.swift in Sources */ = {isa = PBXBuildFile; fileRef = 837B300F2BB01418008D1A20 /* FavouriteRow.swift */; };
		837B30122BB043AE008D1A20 /* ExploreViewModel.swift in Sources */ = {isa = PBXBuildFile; fileRef = 837B30112BB043AE008D1A20 /* ExploreViewModel.swift */; };
		837B30142BB04502008D1A20 /* ExploreCategoryModel.swift in Sources */ = {isa = PBXBuildFile; fileRef = 837B30132BB04502008D1A20 /* ExploreCategoryModel.swift */; };
		837B30162BB04A3B008D1A20 /* ExploreCategoryCell.swift in Sources */ = {isa = PBXBuildFile; fileRef = 837B30152BB04A3B008D1A20 /* ExploreCategoryCell.swift */; };
		839C30AF2BAC5AB100772C53 /* UserModel.swift in Sources */ = {isa = PBXBuildFile; fileRef = 839C30AE2BAC5AB100772C53 /* UserModel.swift */; };
		839C30B22BAC63EB00772C53 /* MainTabView.swift in Sources */ = {isa = PBXBuildFile; fileRef = 839C30B12BAC63EB00772C53 /* MainTabView.swift */; };
		839C30B42BAC7A2C00772C53 /* HomeViewModel.swift in Sources */ = {isa = PBXBuildFile; fileRef = 839C30B32BAC7A2C00772C53 /* HomeViewModel.swift */; };
		839C30B72BAC7B9B00772C53 /* HomeView.swift in Sources */ = {isa = PBXBuildFile; fileRef = 839C30B62BAC7B9B00772C53 /* HomeView.swift */; };
		83B23E252BAADB3F00AAF263 /* Launch Screen.storyboard in Resources */ = {isa = PBXBuildFile; fileRef = 83B23E242BAADB3F00AAF263 /* Launch Screen.storyboard */; };
		83B23E272BAAE89800AAF263 /* UIExtension.swift in Sources */ = {isa = PBXBuildFile; fileRef = 83B23E262BAAE89800AAF263 /* UIExtension.swift */; };
		83B23E292BAAFD4900AAF263 /* RoundButton.swift in Sources */ = {isa = PBXBuildFile; fileRef = 83B23E282BAAFD4900AAF263 /* RoundButton.swift */; };
		83B23E2B2BAAFF9000AAF263 /* SignInView.swift in Sources */ = {isa = PBXBuildFile; fileRef = 83B23E2A2BAAFF9000AAF263 /* SignInView.swift */; };
		83B23E2E2BAB2F2500AAF263 /* CountryPickerUI.swift in Sources */ = {isa = PBXBuildFile; fileRef = 83B23E2D2BAB2F2500AAF263 /* CountryPickerUI.swift */; };
		83B23E302BAB35B200AAF263 /* CountryPicker in Frameworks */ = {isa = PBXBuildFile; productRef = 83B23E2F2BAB35B200AAF263 /* CountryPicker */; };
		83B23E322BAB53C800AAF263 /* LoginView.swift in Sources */ = {isa = PBXBuildFile; fileRef = 83B23E312BAB53C800AAF263 /* LoginView.swift */; };
		83B23E342BAB682800AAF263 /* MainViewModel.swift in Sources */ = {isa = PBXBuildFile; fileRef = 83B23E332BAB682800AAF263 /* MainViewModel.swift */; };
		83BDF40E2BB00B7E000A312E /* FavouriteViewModel.swift in Sources */ = {isa = PBXBuildFile; fileRef = 83BDF40D2BB00B7E000A312E /* FavouriteViewModel.swift */; };
		83CC17AF2BAAC99200221970 /* LotsAndHotsApp.swift in Sources */ = {isa = PBXBuildFile; fileRef = 83CC17AE2BAAC99200221970 /* LotsAndHotsApp.swift */; };
		83CC17B32BAAC99300221970 /* Assets.xcassets in Resources */ = {isa = PBXBuildFile; fileRef = 83CC17B22BAAC99300221970 /* Assets.xcassets */; };
		83CC17B62BAAC99300221970 /* Preview Assets.xcassets in Resources */ = {isa = PBXBuildFile; fileRef = 83CC17B52BAAC99300221970 /* Preview Assets.xcassets */; };
		83CC17C02BAAC99300221970 /* LotsAndHotsTests.swift in Sources */ = {isa = PBXBuildFile; fileRef = 83CC17BF2BAAC99300221970 /* LotsAndHotsTests.swift */; };
		83CC17CA2BAAC99300221970 /* LotsAndHotsUITests.swift in Sources */ = {isa = PBXBuildFile; fileRef = 83CC17C92BAAC99300221970 /* LotsAndHotsUITests.swift */; };
		83CC17CC2BAAC99300221970 /* LotsAndHotsUITestsLaunchTests.swift in Sources */ = {isa = PBXBuildFile; fileRef = 83CC17CB2BAAC99300221970 /* LotsAndHotsUITestsLaunchTests.swift */; };
		83CC17DD2BAACDE800221970 /* Gilroy-SemiBold.ttf in Resources */ = {isa = PBXBuildFile; fileRef = 83CC17D92BAACDE800221970 /* Gilroy-SemiBold.ttf */; };
		83CC17DE2BAACDE800221970 /* Gilroy-Regular.ttf in Resources */ = {isa = PBXBuildFile; fileRef = 83CC17DA2BAACDE800221970 /* Gilroy-Regular.ttf */; };
		83CC17DF2BAACDE800221970 /* Gilroy-Bold.ttf in Resources */ = {isa = PBXBuildFile; fileRef = 83CC17DB2BAACDE800221970 /* Gilroy-Bold.ttf */; };
		83CC17E02BAACDE800221970 /* Gilroy-Medium.ttf in Resources */ = {isa = PBXBuildFile; fileRef = 83CC17DC2BAACDE800221970 /* Gilroy-Medium.ttf */; };
		83CC17E82BAAD19B00221970 /* WelcomeView.swift in Sources */ = {isa = PBXBuildFile; fileRef = 83CC17E72BAAD19B00221970 /* WelcomeView.swift */; };
		83E3368A2BABD444009FD46B /* LineTextField.swift in Sources */ = {isa = PBXBuildFile; fileRef = 83E336892BABD444009FD46B /* LineTextField.swift */; };
		83E3368C2BABF0F6009FD46B /* ServiceCall.swift in Sources */ = {isa = PBXBuildFile; fileRef = 83E3368B2BABF0F6009FD46B /* ServiceCall.swift */; };
		83E3368E2BABFB91009FD46B /* Globs.swift in Sources */ = {isa = PBXBuildFile; fileRef = 83E3368D2BABFB91009FD46B /* Globs.swift */; };
		83E336912BAC0C5F009FD46B /* UIKitExtension.swift in Sources */ = {isa = PBXBuildFile; fileRef = 83E336902BAC0C5F009FD46B /* UIKitExtension.swift */; };
		83E336932BAC3697009FD46B /* SignUpView.swift in Sources */ = {isa = PBXBuildFile; fileRef = 83E336922BAC3697009FD46B /* SignUpView.swift */; };
/* End PBXBuildFile section */

/* Begin PBXContainerItemProxy section */
		83CC17BC2BAAC99300221970 /* PBXContainerItemProxy */ = {
			isa = PBXContainerItemProxy;
			containerPortal = 83CC17A32BAAC99200221970 /* Project object */;
			proxyType = 1;
			remoteGlobalIDString = 83CC17AA2BAAC99200221970;
			remoteInfo = LotsAndHots;
		};
		83CC17C62BAAC99300221970 /* PBXContainerItemProxy */ = {
			isa = PBXContainerItemProxy;
			containerPortal = 83CC17A32BAAC99200221970 /* Project object */;
			proxyType = 1;
			remoteGlobalIDString = 83CC17AA2BAAC99200221970;
			remoteInfo = LotsAndHots;
		};
/* End PBXContainerItemProxy section */

/* Begin PBXFileReference section */
		8358EA0E2BAFD9DC00D8D065 /* ProductDetailView.swift */ = {isa = PBXFileReference; lastKnownFileType = sourcecode.swift; path = ProductDetailView.swift; sourceTree = "<group>"; };
		8358EA102BAFDDA000D8D065 /* ProductDetailViewModel.swift */ = {isa = PBXFileReference; lastKnownFileType = sourcecode.swift; path = ProductDetailViewModel.swift; sourceTree = "<group>"; };
		8358EA122BAFE01E00D8D065 /* NutritionModel.swift */ = {isa = PBXFileReference; lastKnownFileType = sourcecode.swift; path = NutritionModel.swift; sourceTree = "<group>"; };
		8358EA142BAFE10400D8D065 /* ImageModel.swift */ = {isa = PBXFileReference; lastKnownFileType = sourcecode.swift; path = ImageModel.swift; sourceTree = "<group>"; };
		8358EA172BB0091A00D8D065 /* FavouriteView.swift */ = {isa = PBXFileReference; lastKnownFileType = sourcecode.swift; path = FavouriteView.swift; sourceTree = "<group>"; };
		83694E9D2BAD0110002D1AE2 /* ExploreView.swift */ = {isa = PBXFileReference; lastKnownFileType = sourcecode.swift; path = ExploreView.swift; sourceTree = "<group>"; };
		83694E9F2BAD0ED7002D1AE2 /* TabButton.swift */ = {isa = PBXFileReference; lastKnownFileType = sourcecode.swift; path = TabButton.swift; sourceTree = "<group>"; };
		83694EA12BAD1B66002D1AE2 /* SearchTextField.swift */ = {isa = PBXFileReference; lastKnownFileType = sourcecode.swift; path = SearchTextField.swift; sourceTree = "<group>"; };
		83694EA32BAD3004002D1AE2 /* SectionTitleAll.swift */ = {isa = PBXFileReference; lastKnownFileType = sourcecode.swift; path = SectionTitleAll.swift; sourceTree = "<group>"; };
		83694EA52BAD3D59002D1AE2 /* ProductCell.swift */ = {isa = PBXFileReference; lastKnownFileType = sourcecode.swift; path = ProductCell.swift; sourceTree = "<group>"; };
		83694EA72BAD43F7002D1AE2 /* CategoryCell.swift */ = {isa = PBXFileReference; lastKnownFileType = sourcecode.swift; path = CategoryCell.swift; sourceTree = "<group>"; };
		83694EA92BAD4BC0002D1AE2 /* ProductModel.swift */ = {isa = PBXFileReference; lastKnownFileType = sourcecode.swift; path = ProductModel.swift; sourceTree = "<group>"; };
		83694EAB2BAD516A002D1AE2 /* TypeModel.swift */ = {isa = PBXFileReference; lastKnownFileType = sourcecode.swift; path = TypeModel.swift; sourceTree = "<group>"; };
		837B300F2BB01418008D1A20 /* FavouriteRow.swift */ = {isa = PBXFileReference; lastKnownFileType = sourcecode.swift; path = FavouriteRow.swift; sourceTree = "<group>"; };
		837B30112BB043AE008D1A20 /* ExploreViewModel.swift */ = {isa = PBXFileReference; lastKnownFileType = sourcecode.swift; path = ExploreViewModel.swift; sourceTree = "<group>"; };
		837B30132BB04502008D1A20 /* ExploreCategoryModel.swift */ = {isa = PBXFileReference; lastKnownFileType = sourcecode.swift; path = ExploreCategoryModel.swift; sourceTree = "<group>"; };
		837B30152BB04A3B008D1A20 /* ExploreCategoryCell.swift */ = {isa = PBXFileReference; lastKnownFileType = sourcecode.swift; path = ExploreCategoryCell.swift; sourceTree = "<group>"; };
		839C30AE2BAC5AB100772C53 /* UserModel.swift */ = {isa = PBXFileReference; lastKnownFileType = sourcecode.swift; path = UserModel.swift; sourceTree = "<group>"; };
		839C30B12BAC63EB00772C53 /* MainTabView.swift */ = {isa = PBXFileReference; lastKnownFileType = sourcecode.swift; path = MainTabView.swift; sourceTree = "<group>"; };
		839C30B32BAC7A2C00772C53 /* HomeViewModel.swift */ = {isa = PBXFileReference; lastKnownFileType = sourcecode.swift; path = HomeViewModel.swift; sourceTree = "<group>"; };
		839C30B62BAC7B9B00772C53 /* HomeView.swift */ = {isa = PBXFileReference; lastKnownFileType = sourcecode.swift; path = HomeView.swift; sourceTree = "<group>"; };
		83B23E242BAADB3F00AAF263 /* Launch Screen.storyboard */ = {isa = PBXFileReference; lastKnownFileType = file.storyboard; path = "Launch Screen.storyboard"; sourceTree = "<group>"; };
		83B23E262BAAE89800AAF263 /* UIExtension.swift */ = {isa = PBXFileReference; lastKnownFileType = sourcecode.swift; path = UIExtension.swift; sourceTree = "<group>"; };
		83B23E282BAAFD4900AAF263 /* RoundButton.swift */ = {isa = PBXFileReference; lastKnownFileType = sourcecode.swift; path = RoundButton.swift; sourceTree = "<group>"; };
		83B23E2A2BAAFF9000AAF263 /* SignInView.swift */ = {isa = PBXFileReference; lastKnownFileType = sourcecode.swift; path = SignInView.swift; sourceTree = "<group>"; };
		83B23E2D2BAB2F2500AAF263 /* CountryPickerUI.swift */ = {isa = PBXFileReference; lastKnownFileType = sourcecode.swift; path = CountryPickerUI.swift; sourceTree = "<group>"; };
		83B23E312BAB53C800AAF263 /* LoginView.swift */ = {isa = PBXFileReference; lastKnownFileType = sourcecode.swift; path = LoginView.swift; sourceTree = "<group>"; };
		83B23E332BAB682800AAF263 /* MainViewModel.swift */ = {isa = PBXFileReference; lastKnownFileType = sourcecode.swift; path = MainViewModel.swift; sourceTree = "<group>"; };
		83BDF40D2BB00B7E000A312E /* FavouriteViewModel.swift */ = {isa = PBXFileReference; lastKnownFileType = sourcecode.swift; path = FavouriteViewModel.swift; sourceTree = "<group>"; };
		83CC17AB2BAAC99200221970 /* LotsAndHots.app */ = {isa = PBXFileReference; explicitFileType = wrapper.application; includeInIndex = 0; path = LotsAndHots.app; sourceTree = BUILT_PRODUCTS_DIR; };
		83CC17AE2BAAC99200221970 /* LotsAndHotsApp.swift */ = {isa = PBXFileReference; lastKnownFileType = sourcecode.swift; path = LotsAndHotsApp.swift; sourceTree = "<group>"; };
		83CC17B22BAAC99300221970 /* Assets.xcassets */ = {isa = PBXFileReference; lastKnownFileType = folder.assetcatalog; path = Assets.xcassets; sourceTree = "<group>"; };
		83CC17B52BAAC99300221970 /* Preview Assets.xcassets */ = {isa = PBXFileReference; lastKnownFileType = folder.assetcatalog; path = "Preview Assets.xcassets"; sourceTree = "<group>"; };
		83CC17BB2BAAC99300221970 /* LotsAndHotsTests.xctest */ = {isa = PBXFileReference; explicitFileType = wrapper.cfbundle; includeInIndex = 0; path = LotsAndHotsTests.xctest; sourceTree = BUILT_PRODUCTS_DIR; };
		83CC17BF2BAAC99300221970 /* LotsAndHotsTests.swift */ = {isa = PBXFileReference; lastKnownFileType = sourcecode.swift; path = LotsAndHotsTests.swift; sourceTree = "<group>"; };
		83CC17C52BAAC99300221970 /* LotsAndHotsUITests.xctest */ = {isa = PBXFileReference; explicitFileType = wrapper.cfbundle; includeInIndex = 0; path = LotsAndHotsUITests.xctest; sourceTree = BUILT_PRODUCTS_DIR; };
		83CC17C92BAAC99300221970 /* LotsAndHotsUITests.swift */ = {isa = PBXFileReference; lastKnownFileType = sourcecode.swift; path = LotsAndHotsUITests.swift; sourceTree = "<group>"; };
		83CC17CB2BAAC99300221970 /* LotsAndHotsUITestsLaunchTests.swift */ = {isa = PBXFileReference; lastKnownFileType = sourcecode.swift; path = LotsAndHotsUITestsLaunchTests.swift; sourceTree = "<group>"; };
		83CC17D92BAACDE800221970 /* Gilroy-SemiBold.ttf */ = {isa = PBXFileReference; lastKnownFileType = file; path = "Gilroy-SemiBold.ttf"; sourceTree = "<group>"; };
		83CC17DA2BAACDE800221970 /* Gilroy-Regular.ttf */ = {isa = PBXFileReference; lastKnownFileType = file; path = "Gilroy-Regular.ttf"; sourceTree = "<group>"; };
		83CC17DB2BAACDE800221970 /* Gilroy-Bold.ttf */ = {isa = PBXFileReference; lastKnownFileType = file; path = "Gilroy-Bold.ttf"; sourceTree = "<group>"; };
		83CC17DC2BAACDE800221970 /* Gilroy-Medium.ttf */ = {isa = PBXFileReference; lastKnownFileType = file; path = "Gilroy-Medium.ttf"; sourceTree = "<group>"; };
		83CC17E12BAACF8100221970 /* Info.plist */ = {isa = PBXFileReference; lastKnownFileType = text.plist; path = Info.plist; sourceTree = "<group>"; };
		83CC17E72BAAD19B00221970 /* WelcomeView.swift */ = {isa = PBXFileReference; lastKnownFileType = sourcecode.swift; path = WelcomeView.swift; sourceTree = "<group>"; };
		83E336892BABD444009FD46B /* LineTextField.swift */ = {isa = PBXFileReference; lastKnownFileType = sourcecode.swift; path = LineTextField.swift; sourceTree = "<group>"; };
		83E3368B2BABF0F6009FD46B /* ServiceCall.swift */ = {isa = PBXFileReference; lastKnownFileType = sourcecode.swift; path = ServiceCall.swift; sourceTree = "<group>"; };
		83E3368D2BABFB91009FD46B /* Globs.swift */ = {isa = PBXFileReference; lastKnownFileType = sourcecode.swift; path = Globs.swift; sourceTree = "<group>"; };
		83E336902BAC0C5F009FD46B /* UIKitExtension.swift */ = {isa = PBXFileReference; lastKnownFileType = sourcecode.swift; path = UIKitExtension.swift; sourceTree = "<group>"; };
		83E336922BAC3697009FD46B /* SignUpView.swift */ = {isa = PBXFileReference; lastKnownFileType = sourcecode.swift; path = SignUpView.swift; sourceTree = "<group>"; };
/* End PBXFileReference section */

/* Begin PBXFrameworksBuildPhase section */
		83CC17A82BAAC99200221970 /* Frameworks */ = {
			isa = PBXFrameworksBuildPhase;
			buildActionMask = 2147483647;
			files = (
				83694EAF2BAD6071002D1AE2 /* SDWebImageSwiftUI in Frameworks */,
				83B23E302BAB35B200AAF263 /* CountryPicker in Frameworks */,
			);
			runOnlyForDeploymentPostprocessing = 0;
		};
		83CC17B82BAAC99300221970 /* Frameworks */ = {
			isa = PBXFrameworksBuildPhase;
			buildActionMask = 2147483647;
			files = (
			);
			runOnlyForDeploymentPostprocessing = 0;
		};
		83CC17C22BAAC99300221970 /* Frameworks */ = {
			isa = PBXFrameworksBuildPhase;
			buildActionMask = 2147483647;
			files = (
			);
			runOnlyForDeploymentPostprocessing = 0;
		};
/* End PBXFrameworksBuildPhase section */

/* Begin PBXGroup section */
		8358EA162BB008F500D8D065 /* Favourite */ = {
			isa = PBXGroup;
			children = (
				8358EA172BB0091A00D8D065 /* FavouriteView.swift */,
			);
			path = Favourite;
			sourceTree = "<group>";
		};
		83694E9C2BAD00EC002D1AE2 /* Explore */ = {
			isa = PBXGroup;
			children = (
				83694E9D2BAD0110002D1AE2 /* ExploreView.swift */,
			);
			path = Explore;
			sourceTree = "<group>";
		};
		839C30B02BAC63C800772C53 /* MainTab */ = {
			isa = PBXGroup;
			children = (
				839C30B12BAC63EB00772C53 /* MainTabView.swift */,
			);
			path = MainTab;
			sourceTree = "<group>";
		};
		839C30B52BAC7B8500772C53 /* Home */ = {
			isa = PBXGroup;
			children = (
				839C30B62BAC7B9B00772C53 /* HomeView.swift */,
				8358EA0E2BAFD9DC00D8D065 /* ProductDetailView.swift */,
			);
			path = Home;
			sourceTree = "<group>";
		};
		83CC17A22BAAC99200221970 = {
			isa = PBXGroup;
			children = (
				83CC17AD2BAAC99200221970 /* LotsAndHots */,
				83CC17BE2BAAC99300221970 /* LotsAndHotsTests */,
				83CC17C82BAAC99300221970 /* LotsAndHotsUITests */,
				83CC17AC2BAAC99200221970 /* Products */,
			);
			sourceTree = "<group>";
		};
		83CC17AC2BAAC99200221970 /* Products */ = {
			isa = PBXGroup;
			children = (
				83CC17AB2BAAC99200221970 /* LotsAndHots.app */,
				83CC17BB2BAAC99300221970 /* LotsAndHotsTests.xctest */,
				83CC17C52BAAC99300221970 /* LotsAndHotsUITests.xctest */,
			);
			name = Products;
			sourceTree = "<group>";
		};
		83CC17AD2BAAC99200221970 /* LotsAndHots */ = {
			isa = PBXGroup;
			children = (
				83E3368F2BAC0C0A009FD46B /* Common */,
				83CC17E52BAAD13700221970 /* UICommon */,
				83CC17E42BAAD0FC00221970 /* ViewModel */,
				83CC17E32BAAD0EC00221970 /* Model */,
				83CC17E22BAAD0BD00221970 /* View */,
				83CC17E12BAACF8100221970 /* Info.plist */,
				83CC17D82BAAC9F700221970 /* Font */,
				83CC17AE2BAAC99200221970 /* LotsAndHotsApp.swift */,
				83CC17B22BAAC99300221970 /* Assets.xcassets */,
				83CC17B42BAAC99300221970 /* Preview Content */,
				83B23E242BAADB3F00AAF263 /* Launch Screen.storyboard */,
			);
			path = LotsAndHots;
			sourceTree = "<group>";
		};
		83CC17B42BAAC99300221970 /* Preview Content */ = {
			isa = PBXGroup;
			children = (
				83CC17B52BAAC99300221970 /* Preview Assets.xcassets */,
			);
			path = "Preview Content";
			sourceTree = "<group>";
		};
		83CC17BE2BAAC99300221970 /* LotsAndHotsTests */ = {
			isa = PBXGroup;
			children = (
				83CC17BF2BAAC99300221970 /* LotsAndHotsTests.swift */,
			);
			path = LotsAndHotsTests;
			sourceTree = "<group>";
		};
		83CC17C82BAAC99300221970 /* LotsAndHotsUITests */ = {
			isa = PBXGroup;
			children = (
				83CC17C92BAAC99300221970 /* LotsAndHotsUITests.swift */,
				83CC17CB2BAAC99300221970 /* LotsAndHotsUITestsLaunchTests.swift */,
			);
			path = LotsAndHotsUITests;
			sourceTree = "<group>";
		};
		83CC17D82BAAC9F700221970 /* Font */ = {
			isa = PBXGroup;
			children = (
				83CC17DB2BAACDE800221970 /* Gilroy-Bold.ttf */,
				83CC17DC2BAACDE800221970 /* Gilroy-Medium.ttf */,
				83CC17DA2BAACDE800221970 /* Gilroy-Regular.ttf */,
				83CC17D92BAACDE800221970 /* Gilroy-SemiBold.ttf */,
			);
			path = Font;
			sourceTree = "<group>";
		};
		83CC17E22BAAD0BD00221970 /* View */ = {
			isa = PBXGroup;
			children = (
				8358EA162BB008F500D8D065 /* Favourite */,
				83694E9C2BAD00EC002D1AE2 /* Explore */,
				839C30B52BAC7B8500772C53 /* Home */,
				839C30B02BAC63C800772C53 /* MainTab */,
				83CC17E62BAAD17600221970 /* Login */,
			);
			path = View;
			sourceTree = "<group>";
		};
		83CC17E32BAAD0EC00221970 /* Model */ = {
			isa = PBXGroup;
			children = (
				839C30AE2BAC5AB100772C53 /* UserModel.swift */,
				83694EA92BAD4BC0002D1AE2 /* ProductModel.swift */,
				83694EAB2BAD516A002D1AE2 /* TypeModel.swift */,
				8358EA122BAFE01E00D8D065 /* NutritionModel.swift */,
				8358EA142BAFE10400D8D065 /* ImageModel.swift */,
				837B30132BB04502008D1A20 /* ExploreCategoryModel.swift */,
			);
			path = Model;
			sourceTree = "<group>";
		};
		83CC17E42BAAD0FC00221970 /* ViewModel */ = {
			isa = PBXGroup;
			children = (
				83B23E332BAB682800AAF263 /* MainViewModel.swift */,
				839C30B32BAC7A2C00772C53 /* HomeViewModel.swift */,
				8358EA102BAFDDA000D8D065 /* ProductDetailViewModel.swift */,
				83BDF40D2BB00B7E000A312E /* FavouriteViewModel.swift */,
				837B30112BB043AE008D1A20 /* ExploreViewModel.swift */,
			);
			path = ViewModel;
			sourceTree = "<group>";
		};
		83CC17E52BAAD13700221970 /* UICommon */ = {
			isa = PBXGroup;
			children = (
				83B23E262BAAE89800AAF263 /* UIExtension.swift */,
				83B23E282BAAFD4900AAF263 /* RoundButton.swift */,
				83B23E2D2BAB2F2500AAF263 /* CountryPickerUI.swift */,
				83E336892BABD444009FD46B /* LineTextField.swift */,
				83E3368B2BABF0F6009FD46B /* ServiceCall.swift */,
				83E3368D2BABFB91009FD46B /* Globs.swift */,
				83694E9F2BAD0ED7002D1AE2 /* TabButton.swift */,
				83694EA12BAD1B66002D1AE2 /* SearchTextField.swift */,
				83694EA32BAD3004002D1AE2 /* SectionTitleAll.swift */,
				83694EA52BAD3D59002D1AE2 /* ProductCell.swift */,
				83694EA72BAD43F7002D1AE2 /* CategoryCell.swift */,
				837B300F2BB01418008D1A20 /* FavouriteRow.swift */,
				837B30152BB04A3B008D1A20 /* ExploreCategoryCell.swift */,
			);
			path = UICommon;
			sourceTree = "<group>";
		};
		83CC17E62BAAD17600221970 /* Login */ = {
			isa = PBXGroup;
			children = (
				83CC17E72BAAD19B00221970 /* WelcomeView.swift */,
				83B23E2A2BAAFF9000AAF263 /* SignInView.swift */,
				83B23E312BAB53C800AAF263 /* LoginView.swift */,
				83E336922BAC3697009FD46B /* SignUpView.swift */,
			);
			path = Login;
			sourceTree = "<group>";
		};
		83E3368F2BAC0C0A009FD46B /* Common */ = {
			isa = PBXGroup;
			children = (
				83E336902BAC0C5F009FD46B /* UIKitExtension.swift */,
			);
			path = Common;
			sourceTree = "<group>";
		};
/* End PBXGroup section */

/* Begin PBXNativeTarget section */
		83CC17AA2BAAC99200221970 /* LotsAndHots */ = {
			isa = PBXNativeTarget;
			buildConfigurationList = 83CC17CF2BAAC99300221970 /* Build configuration list for PBXNativeTarget "LotsAndHots" */;
			buildPhases = (
				83CC17A72BAAC99200221970 /* Sources */,
				83CC17A82BAAC99200221970 /* Frameworks */,
				83CC17A92BAAC99200221970 /* Resources */,
			);
			buildRules = (
			);
			dependencies = (
			);
			name = LotsAndHots;
			packageProductDependencies = (
				83B23E2F2BAB35B200AAF263 /* CountryPicker */,
				83694EAE2BAD6071002D1AE2 /* SDWebImageSwiftUI */,
			);
			productName = LotsAndHots;
			productReference = 83CC17AB2BAAC99200221970 /* LotsAndHots.app */;
			productType = "com.apple.product-type.application";
		};
		83CC17BA2BAAC99300221970 /* LotsAndHotsTests */ = {
			isa = PBXNativeTarget;
			buildConfigurationList = 83CC17D22BAAC99300221970 /* Build configuration list for PBXNativeTarget "LotsAndHotsTests" */;
			buildPhases = (
				83CC17B72BAAC99300221970 /* Sources */,
				83CC17B82BAAC99300221970 /* Frameworks */,
				83CC17B92BAAC99300221970 /* Resources */,
			);
			buildRules = (
			);
			dependencies = (
				83CC17BD2BAAC99300221970 /* PBXTargetDependency */,
			);
			name = LotsAndHotsTests;
			productName = LotsAndHotsTests;
			productReference = 83CC17BB2BAAC99300221970 /* LotsAndHotsTests.xctest */;
			productType = "com.apple.product-type.bundle.unit-test";
		};
		83CC17C42BAAC99300221970 /* LotsAndHotsUITests */ = {
			isa = PBXNativeTarget;
			buildConfigurationList = 83CC17D52BAAC99300221970 /* Build configuration list for PBXNativeTarget "LotsAndHotsUITests" */;
			buildPhases = (
				83CC17C12BAAC99300221970 /* Sources */,
				83CC17C22BAAC99300221970 /* Frameworks */,
				83CC17C32BAAC99300221970 /* Resources */,
			);
			buildRules = (
			);
			dependencies = (
				83CC17C72BAAC99300221970 /* PBXTargetDependency */,
			);
			name = LotsAndHotsUITests;
			productName = LotsAndHotsUITests;
			productReference = 83CC17C52BAAC99300221970 /* LotsAndHotsUITests.xctest */;
			productType = "com.apple.product-type.bundle.ui-testing";
		};
/* End PBXNativeTarget section */

/* Begin PBXProject section */
		83CC17A32BAAC99200221970 /* Project object */ = {
			isa = PBXProject;
			attributes = {
				BuildIndependentTargetsInParallel = 1;
				LastSwiftUpdateCheck = 1530;
				LastUpgradeCheck = 1530;
				TargetAttributes = {
					83CC17AA2BAAC99200221970 = {
						CreatedOnToolsVersion = 15.3;
					};
					83CC17BA2BAAC99300221970 = {
						CreatedOnToolsVersion = 15.3;
						TestTargetID = 83CC17AA2BAAC99200221970;
					};
					83CC17C42BAAC99300221970 = {
						CreatedOnToolsVersion = 15.3;
						TestTargetID = 83CC17AA2BAAC99200221970;
					};
				};
			};
			buildConfigurationList = 83CC17A62BAAC99200221970 /* Build configuration list for PBXProject "LotsAndHots" */;
			compatibilityVersion = "Xcode 14.0";
			developmentRegion = en;
			hasScannedForEncodings = 0;
			knownRegions = (
				en,
				Base,
			);
			mainGroup = 83CC17A22BAAC99200221970;
			packageReferences = (
				83B23E2C2BAB26A500AAF263 /* XCRemoteSwiftPackageReference "CountryPicker" */,
				83694EAD2BAD6071002D1AE2 /* XCRemoteSwiftPackageReference "SDWebImageSwiftUI" */,
			);
			productRefGroup = 83CC17AC2BAAC99200221970 /* Products */;
			projectDirPath = "";
			projectRoot = "";
			targets = (
				83CC17AA2BAAC99200221970 /* LotsAndHots */,
				83CC17BA2BAAC99300221970 /* LotsAndHotsTests */,
				83CC17C42BAAC99300221970 /* LotsAndHotsUITests */,
			);
		};
/* End PBXProject section */

/* Begin PBXResourcesBuildPhase section */
		83CC17A92BAAC99200221970 /* Resources */ = {
			isa = PBXResourcesBuildPhase;
			buildActionMask = 2147483647;
			files = (
				83CC17B62BAAC99300221970 /* Preview Assets.xcassets in Resources */,
				83CC17E02BAACDE800221970 /* Gilroy-Medium.ttf in Resources */,
				83CC17DD2BAACDE800221970 /* Gilroy-SemiBold.ttf in Resources */,
				83CC17DF2BAACDE800221970 /* Gilroy-Bold.ttf in Resources */,
				83CC17B32BAAC99300221970 /* Assets.xcassets in Resources */,
				83CC17DE2BAACDE800221970 /* Gilroy-Regular.ttf in Resources */,
				83B23E252BAADB3F00AAF263 /* Launch Screen.storyboard in Resources */,
			);
			runOnlyForDeploymentPostprocessing = 0;
		};
		83CC17B92BAAC99300221970 /* Resources */ = {
			isa = PBXResourcesBuildPhase;
			buildActionMask = 2147483647;
			files = (
			);
			runOnlyForDeploymentPostprocessing = 0;
		};
		83CC17C32BAAC99300221970 /* Resources */ = {
			isa = PBXResourcesBuildPhase;
			buildActionMask = 2147483647;
			files = (
			);
			runOnlyForDeploymentPostprocessing = 0;
		};
/* End PBXResourcesBuildPhase section */

/* Begin PBXSourcesBuildPhase section */
		83CC17A72BAAC99200221970 /* Sources */ = {
			isa = PBXSourcesBuildPhase;
			buildActionMask = 2147483647;
			files = (
				83694EA82BAD43F7002D1AE2 /* CategoryCell.swift in Sources */,
				837B30162BB04A3B008D1A20 /* ExploreCategoryCell.swift in Sources */,
				83B23E2E2BAB2F2500AAF263 /* CountryPickerUI.swift in Sources */,
				83E3368A2BABD444009FD46B /* LineTextField.swift in Sources */,
				83B23E322BAB53C800AAF263 /* LoginView.swift in Sources */,
				83694EA62BAD3D59002D1AE2 /* ProductCell.swift in Sources */,
				839C30B42BAC7A2C00772C53 /* HomeViewModel.swift in Sources */,
				83E3368E2BABFB91009FD46B /* Globs.swift in Sources */,
				837B30142BB04502008D1A20 /* ExploreCategoryModel.swift in Sources */,
				83694EAC2BAD516A002D1AE2 /* TypeModel.swift in Sources */,
				83694EAA2BAD4BC0002D1AE2 /* ProductModel.swift in Sources */,
				839C30B72BAC7B9B00772C53 /* HomeView.swift in Sources */,
				83BDF40E2BB00B7E000A312E /* FavouriteViewModel.swift in Sources */,
				83B23E292BAAFD4900AAF263 /* RoundButton.swift in Sources */,
				83CC17AF2BAAC99200221970 /* LotsAndHotsApp.swift in Sources */,
				83E336912BAC0C5F009FD46B /* UIKitExtension.swift in Sources */,
				83B23E2B2BAAFF9000AAF263 /* SignInView.swift in Sources */,
				83694E9E2BAD0110002D1AE2 /* ExploreView.swift in Sources */,
				839C30AF2BAC5AB100772C53 /* UserModel.swift in Sources */,
				83694EA02BAD0ED7002D1AE2 /* TabButton.swift in Sources */,
				83E336932BAC3697009FD46B /* SignUpView.swift in Sources */,
				83B23E272BAAE89800AAF263 /* UIExtension.swift in Sources */,
				8358EA152BAFE10400D8D065 /* ImageModel.swift in Sources */,
				83694EA42BAD3004002D1AE2 /* SectionTitleAll.swift in Sources */,
				8358EA132BAFE01E00D8D065 /* NutritionModel.swift in Sources */,
				8358EA182BB0091A00D8D065 /* FavouriteView.swift in Sources */,
				83694EA22BAD1B67002D1AE2 /* SearchTextField.swift in Sources */,
				83E3368C2BABF0F6009FD46B /* ServiceCall.swift in Sources */,
				837B30102BB01418008D1A20 /* FavouriteRow.swift in Sources */,
				83CC17E82BAAD19B00221970 /* WelcomeView.swift in Sources */,
				8358EA0F2BAFD9DC00D8D065 /* ProductDetailView.swift in Sources */,
				83B23E342BAB682800AAF263 /* MainViewModel.swift in Sources */,
				837B30122BB043AE008D1A20 /* ExploreViewModel.swift in Sources */,
				839C30B22BAC63EB00772C53 /* MainTabView.swift in Sources */,
				8358EA112BAFDDA000D8D065 /* ProductDetailViewModel.swift in Sources */,
			);
			runOnlyForDeploymentPostprocessing = 0;
		};
		83CC17B72BAAC99300221970 /* Sources */ = {
			isa = PBXSourcesBuildPhase;
			buildActionMask = 2147483647;
			files = (
				83CC17C02BAAC99300221970 /* LotsAndHotsTests.swift in Sources */,
			);
			runOnlyForDeploymentPostprocessing = 0;
		};
		83CC17C12BAAC99300221970 /* Sources */ = {
			isa = PBXSourcesBuildPhase;
			buildActionMask = 2147483647;
			files = (
				83CC17CC2BAAC99300221970 /* LotsAndHotsUITestsLaunchTests.swift in Sources */,
				83CC17CA2BAAC99300221970 /* LotsAndHotsUITests.swift in Sources */,
			);
			runOnlyForDeploymentPostprocessing = 0;
		};
/* End PBXSourcesBuildPhase section */

/* Begin PBXTargetDependency section */
		83CC17BD2BAAC99300221970 /* PBXTargetDependency */ = {
			isa = PBXTargetDependency;
			target = 83CC17AA2BAAC99200221970 /* LotsAndHots */;
			targetProxy = 83CC17BC2BAAC99300221970 /* PBXContainerItemProxy */;
		};
		83CC17C72BAAC99300221970 /* PBXTargetDependency */ = {
			isa = PBXTargetDependency;
			target = 83CC17AA2BAAC99200221970 /* LotsAndHots */;
			targetProxy = 83CC17C62BAAC99300221970 /* PBXContainerItemProxy */;
		};
/* End PBXTargetDependency section */

/* Begin XCBuildConfiguration section */
		83CC17CD2BAAC99300221970 /* Debug */ = {
			isa = XCBuildConfiguration;
			buildSettings = {
				ALWAYS_SEARCH_USER_PATHS = NO;
				ASSETCATALOG_COMPILER_GENERATE_SWIFT_ASSET_SYMBOL_EXTENSIONS = YES;
				CLANG_ANALYZER_NONNULL = YES;
				CLANG_ANALYZER_NUMBER_OBJECT_CONVERSION = YES_AGGRESSIVE;
				CLANG_CXX_LANGUAGE_STANDARD = "gnu++20";
				CLANG_ENABLE_MODULES = YES;
				CLANG_ENABLE_OBJC_ARC = YES;
				CLANG_ENABLE_OBJC_WEAK = YES;
				CLANG_WARN_BLOCK_CAPTURE_AUTORELEASING = YES;
				CLANG_WARN_BOOL_CONVERSION = YES;
				CLANG_WARN_COMMA = YES;
				CLANG_WARN_CONSTANT_CONVERSION = YES;
				CLANG_WARN_DEPRECATED_OBJC_IMPLEMENTATIONS = YES;
				CLANG_WARN_DIRECT_OBJC_ISA_USAGE = YES_ERROR;
				CLANG_WARN_DOCUMENTATION_COMMENTS = YES;
				CLANG_WARN_EMPTY_BODY = YES;
				CLANG_WARN_ENUM_CONVERSION = YES;
				CLANG_WARN_INFINITE_RECURSION = YES;
				CLANG_WARN_INT_CONVERSION = YES;
				CLANG_WARN_NON_LITERAL_NULL_CONVERSION = YES;
				CLANG_WARN_OBJC_IMPLICIT_RETAIN_SELF = YES;
				CLANG_WARN_OBJC_LITERAL_CONVERSION = YES;
				CLANG_WARN_OBJC_ROOT_CLASS = YES_ERROR;
				CLANG_WARN_QUOTED_INCLUDE_IN_FRAMEWORK_HEADER = YES;
				CLANG_WARN_RANGE_LOOP_ANALYSIS = YES;
				CLANG_WARN_STRICT_PROTOTYPES = YES;
				CLANG_WARN_SUSPICIOUS_MOVE = YES;
				CLANG_WARN_UNGUARDED_AVAILABILITY = YES_AGGRESSIVE;
				CLANG_WARN_UNREACHABLE_CODE = YES;
				CLANG_WARN__DUPLICATE_METHOD_MATCH = YES;
				COPY_PHASE_STRIP = NO;
				DEBUG_INFORMATION_FORMAT = dwarf;
				ENABLE_STRICT_OBJC_MSGSEND = YES;
				ENABLE_TESTABILITY = YES;
				ENABLE_USER_SCRIPT_SANDBOXING = YES;
				GCC_C_LANGUAGE_STANDARD = gnu17;
				GCC_DYNAMIC_NO_PIC = NO;
				GCC_NO_COMMON_BLOCKS = YES;
				GCC_OPTIMIZATION_LEVEL = 0;
				GCC_PREPROCESSOR_DEFINITIONS = (
					"DEBUG=1",
					"$(inherited)",
				);
				GCC_WARN_64_TO_32_BIT_CONVERSION = YES;
				GCC_WARN_ABOUT_RETURN_TYPE = YES_ERROR;
				GCC_WARN_UNDECLARED_SELECTOR = YES;
				GCC_WARN_UNINITIALIZED_AUTOS = YES_AGGRESSIVE;
				GCC_WARN_UNUSED_FUNCTION = YES;
				GCC_WARN_UNUSED_VARIABLE = YES;
				IPHONEOS_DEPLOYMENT_TARGET = 17.4;
				LOCALIZATION_PREFERS_STRING_CATALOGS = YES;
				MTL_ENABLE_DEBUG_INFO = INCLUDE_SOURCE;
				MTL_FAST_MATH = YES;
				ONLY_ACTIVE_ARCH = YES;
				SDKROOT = iphoneos;
				SWIFT_ACTIVE_COMPILATION_CONDITIONS = "DEBUG $(inherited)";
				SWIFT_OPTIMIZATION_LEVEL = "-Onone";
			};
			name = Debug;
		};
		83CC17CE2BAAC99300221970 /* Release */ = {
			isa = XCBuildConfiguration;
			buildSettings = {
				ALWAYS_SEARCH_USER_PATHS = NO;
				ASSETCATALOG_COMPILER_GENERATE_SWIFT_ASSET_SYMBOL_EXTENSIONS = YES;
				CLANG_ANALYZER_NONNULL = YES;
				CLANG_ANALYZER_NUMBER_OBJECT_CONVERSION = YES_AGGRESSIVE;
				CLANG_CXX_LANGUAGE_STANDARD = "gnu++20";
				CLANG_ENABLE_MODULES = YES;
				CLANG_ENABLE_OBJC_ARC = YES;
				CLANG_ENABLE_OBJC_WEAK = YES;
				CLANG_WARN_BLOCK_CAPTURE_AUTORELEASING = YES;
				CLANG_WARN_BOOL_CONVERSION = YES;
				CLANG_WARN_COMMA = YES;
				CLANG_WARN_CONSTANT_CONVERSION = YES;
				CLANG_WARN_DEPRECATED_OBJC_IMPLEMENTATIONS = YES;
				CLANG_WARN_DIRECT_OBJC_ISA_USAGE = YES_ERROR;
				CLANG_WARN_DOCUMENTATION_COMMENTS = YES;
				CLANG_WARN_EMPTY_BODY = YES;
				CLANG_WARN_ENUM_CONVERSION = YES;
				CLANG_WARN_INFINITE_RECURSION = YES;
				CLANG_WARN_INT_CONVERSION = YES;
				CLANG_WARN_NON_LITERAL_NULL_CONVERSION = YES;
				CLANG_WARN_OBJC_IMPLICIT_RETAIN_SELF = YES;
				CLANG_WARN_OBJC_LITERAL_CONVERSION = YES;
				CLANG_WARN_OBJC_ROOT_CLASS = YES_ERROR;
				CLANG_WARN_QUOTED_INCLUDE_IN_FRAMEWORK_HEADER = YES;
				CLANG_WARN_RANGE_LOOP_ANALYSIS = YES;
				CLANG_WARN_STRICT_PROTOTYPES = YES;
				CLANG_WARN_SUSPICIOUS_MOVE = YES;
				CLANG_WARN_UNGUARDED_AVAILABILITY = YES_AGGRESSIVE;
				CLANG_WARN_UNREACHABLE_CODE = YES;
				CLANG_WARN__DUPLICATE_METHOD_MATCH = YES;
				COPY_PHASE_STRIP = NO;
				DEBUG_INFORMATION_FORMAT = "dwarf-with-dsym";
				ENABLE_NS_ASSERTIONS = NO;
				ENABLE_STRICT_OBJC_MSGSEND = YES;
				ENABLE_USER_SCRIPT_SANDBOXING = YES;
				GCC_C_LANGUAGE_STANDARD = gnu17;
				GCC_NO_COMMON_BLOCKS = YES;
				GCC_WARN_64_TO_32_BIT_CONVERSION = YES;
				GCC_WARN_ABOUT_RETURN_TYPE = YES_ERROR;
				GCC_WARN_UNDECLARED_SELECTOR = YES;
				GCC_WARN_UNINITIALIZED_AUTOS = YES_AGGRESSIVE;
				GCC_WARN_UNUSED_FUNCTION = YES;
				GCC_WARN_UNUSED_VARIABLE = YES;
				IPHONEOS_DEPLOYMENT_TARGET = 17.4;
				LOCALIZATION_PREFERS_STRING_CATALOGS = YES;
				MTL_ENABLE_DEBUG_INFO = NO;
				MTL_FAST_MATH = YES;
				SDKROOT = iphoneos;
				SWIFT_COMPILATION_MODE = wholemodule;
				VALIDATE_PRODUCT = YES;
			};
			name = Release;
		};
		83CC17D02BAAC99300221970 /* Debug */ = {
			isa = XCBuildConfiguration;
			buildSettings = {
				ASSETCATALOG_COMPILER_APPICON_NAME = AppIcon;
				ASSETCATALOG_COMPILER_GLOBAL_ACCENT_COLOR_NAME = AccentColor;
				CODE_SIGN_STYLE = Automatic;
				CURRENT_PROJECT_VERSION = 1;
				DEVELOPMENT_ASSET_PATHS = "\"LotsAndHots/Preview Content\"";
				ENABLE_PREVIEWS = YES;
				GENERATE_INFOPLIST_FILE = YES;
				INFOPLIST_FILE = LotsAndHots/Info.plist;
				INFOPLIST_KEY_UIApplicationSceneManifest_Generation = YES;
				INFOPLIST_KEY_UIApplicationSupportsIndirectInputEvents = YES;
				INFOPLIST_KEY_UILaunchScreen_Generation = YES;
				INFOPLIST_KEY_UILaunchStoryboardName = "Launch Screen.storyboard";
				INFOPLIST_KEY_UIStatusBarHidden = YES;
				INFOPLIST_KEY_UISupportedInterfaceOrientations = UIInterfaceOrientationPortrait;
				INFOPLIST_KEY_UISupportedInterfaceOrientations_iPad = "UIInterfaceOrientationLandscapeLeft UIInterfaceOrientationLandscapeRight UIInterfaceOrientationPortrait";
				IPHONEOS_DEPLOYMENT_TARGET = 15.0;
				LD_RUNPATH_SEARCH_PATHS = (
					"$(inherited)",
					"@executable_path/Frameworks",
				);
				MARKETING_VERSION = 1.0;
				PRODUCT_BUNDLE_IDENTIFIER = com.LotsAndHots.LotsAndHots;
				PRODUCT_NAME = "$(TARGET_NAME)";
				SUPPORTED_PLATFORMS = "iphoneos iphonesimulator";
				SUPPORTS_MACCATALYST = NO;
				SUPPORTS_MAC_DESIGNED_FOR_IPHONE_IPAD = NO;
				SUPPORTS_XR_DESIGNED_FOR_IPHONE_IPAD = NO;
				SWIFT_EMIT_LOC_STRINGS = YES;
				SWIFT_VERSION = 5.0;
				TARGETED_DEVICE_FAMILY = 1;
			};
			name = Debug;
		};
		83CC17D12BAAC99300221970 /* Release */ = {
			isa = XCBuildConfiguration;
			buildSettings = {
				ASSETCATALOG_COMPILER_APPICON_NAME = AppIcon;
				ASSETCATALOG_COMPILER_GLOBAL_ACCENT_COLOR_NAME = AccentColor;
				CODE_SIGN_STYLE = Automatic;
				CURRENT_PROJECT_VERSION = 1;
				DEVELOPMENT_ASSET_PATHS = "\"LotsAndHots/Preview Content\"";
				ENABLE_PREVIEWS = YES;
				GENERATE_INFOPLIST_FILE = YES;
				INFOPLIST_FILE = LotsAndHots/Info.plist;
				INFOPLIST_KEY_UIApplicationSceneManifest_Generation = YES;
				INFOPLIST_KEY_UIApplicationSupportsIndirectInputEvents = YES;
				INFOPLIST_KEY_UILaunchScreen_Generation = YES;
				INFOPLIST_KEY_UILaunchStoryboardName = "Launch Screen.storyboard";
				INFOPLIST_KEY_UIStatusBarHidden = YES;
				INFOPLIST_KEY_UISupportedInterfaceOrientations = UIInterfaceOrientationPortrait;
				INFOPLIST_KEY_UISupportedInterfaceOrientations_iPad = "UIInterfaceOrientationLandscapeLeft UIInterfaceOrientationLandscapeRight UIInterfaceOrientationPortrait";
				IPHONEOS_DEPLOYMENT_TARGET = 15.0;
				LD_RUNPATH_SEARCH_PATHS = (
					"$(inherited)",
					"@executable_path/Frameworks",
				);
				MARKETING_VERSION = 1.0;
				PRODUCT_BUNDLE_IDENTIFIER = com.LotsAndHots.LotsAndHots;
				PRODUCT_NAME = "$(TARGET_NAME)";
				SUPPORTED_PLATFORMS = "iphoneos iphonesimulator";
				SUPPORTS_MACCATALYST = NO;
				SUPPORTS_MAC_DESIGNED_FOR_IPHONE_IPAD = NO;
				SUPPORTS_XR_DESIGNED_FOR_IPHONE_IPAD = NO;
				SWIFT_EMIT_LOC_STRINGS = YES;
				SWIFT_VERSION = 5.0;
				TARGETED_DEVICE_FAMILY = 1;
			};
			name = Release;
		};
		83CC17D32BAAC99300221970 /* Debug */ = {
			isa = XCBuildConfiguration;
			buildSettings = {
				ALWAYS_EMBED_SWIFT_STANDARD_LIBRARIES = YES;
				BUNDLE_LOADER = "$(TEST_HOST)";
				CODE_SIGN_STYLE = Automatic;
				CURRENT_PROJECT_VERSION = 1;
				GENERATE_INFOPLIST_FILE = YES;
				IPHONEOS_DEPLOYMENT_TARGET = 17.4;
				MARKETING_VERSION = 1.0;
				PRODUCT_BUNDLE_IDENTIFIER = com.LotsAndHots.LotsAndHotsTests;
				PRODUCT_NAME = "$(TARGET_NAME)";
				SWIFT_EMIT_LOC_STRINGS = NO;
				SWIFT_VERSION = 5.0;
				TARGETED_DEVICE_FAMILY = "1,2";
				TEST_HOST = "$(BUILT_PRODUCTS_DIR)/LotsAndHots.app/$(BUNDLE_EXECUTABLE_FOLDER_PATH)/LotsAndHots";
			};
			name = Debug;
		};
		83CC17D42BAAC99300221970 /* Release */ = {
			isa = XCBuildConfiguration;
			buildSettings = {
				ALWAYS_EMBED_SWIFT_STANDARD_LIBRARIES = YES;
				BUNDLE_LOADER = "$(TEST_HOST)";
				CODE_SIGN_STYLE = Automatic;
				CURRENT_PROJECT_VERSION = 1;
				GENERATE_INFOPLIST_FILE = YES;
				IPHONEOS_DEPLOYMENT_TARGET = 17.4;
				MARKETING_VERSION = 1.0;
				PRODUCT_BUNDLE_IDENTIFIER = com.LotsAndHots.LotsAndHotsTests;
				PRODUCT_NAME = "$(TARGET_NAME)";
				SWIFT_EMIT_LOC_STRINGS = NO;
				SWIFT_VERSION = 5.0;
				TARGETED_DEVICE_FAMILY = "1,2";
				TEST_HOST = "$(BUILT_PRODUCTS_DIR)/LotsAndHots.app/$(BUNDLE_EXECUTABLE_FOLDER_PATH)/LotsAndHots";
			};
			name = Release;
		};
		83CC17D62BAAC99300221970 /* Debug */ = {
			isa = XCBuildConfiguration;
			buildSettings = {
				ALWAYS_EMBED_SWIFT_STANDARD_LIBRARIES = YES;
				CODE_SIGN_STYLE = Automatic;
				CURRENT_PROJECT_VERSION = 1;
				GENERATE_INFOPLIST_FILE = YES;
				MARKETING_VERSION = 1.0;
				PRODUCT_BUNDLE_IDENTIFIER = com.LotsAndHots.LotsAndHotsUITests;
				PRODUCT_NAME = "$(TARGET_NAME)";
				SWIFT_EMIT_LOC_STRINGS = NO;
				SWIFT_VERSION = 5.0;
				TARGETED_DEVICE_FAMILY = "1,2";
				TEST_TARGET_NAME = LotsAndHots;
			};
			name = Debug;
		};
		83CC17D72BAAC99300221970 /* Release */ = {
			isa = XCBuildConfiguration;
			buildSettings = {
				ALWAYS_EMBED_SWIFT_STANDARD_LIBRARIES = YES;
				CODE_SIGN_STYLE = Automatic;
				CURRENT_PROJECT_VERSION = 1;
				GENERATE_INFOPLIST_FILE = YES;
				MARKETING_VERSION = 1.0;
				PRODUCT_BUNDLE_IDENTIFIER = com.LotsAndHots.LotsAndHotsUITests;
				PRODUCT_NAME = "$(TARGET_NAME)";
				SWIFT_EMIT_LOC_STRINGS = NO;
				SWIFT_VERSION = 5.0;
				TARGETED_DEVICE_FAMILY = "1,2";
				TEST_TARGET_NAME = LotsAndHots;
			};
			name = Release;
		};
/* End XCBuildConfiguration section */

/* Begin XCConfigurationList section */
		83CC17A62BAAC99200221970 /* Build configuration list for PBXProject "LotsAndHots" */ = {
			isa = XCConfigurationList;
			buildConfigurations = (
				83CC17CD2BAAC99300221970 /* Debug */,
				83CC17CE2BAAC99300221970 /* Release */,
			);
			defaultConfigurationIsVisible = 0;
			defaultConfigurationName = Release;
		};
		83CC17CF2BAAC99300221970 /* Build configuration list for PBXNativeTarget "LotsAndHots" */ = {
			isa = XCConfigurationList;
			buildConfigurations = (
				83CC17D02BAAC99300221970 /* Debug */,
				83CC17D12BAAC99300221970 /* Release */,
			);
			defaultConfigurationIsVisible = 0;
			defaultConfigurationName = Release;
		};
		83CC17D22BAAC99300221970 /* Build configuration list for PBXNativeTarget "LotsAndHotsTests" */ = {
			isa = XCConfigurationList;
			buildConfigurations = (
				83CC17D32BAAC99300221970 /* Debug */,
				83CC17D42BAAC99300221970 /* Release */,
			);
			defaultConfigurationIsVisible = 0;
			defaultConfigurationName = Release;
		};
		83CC17D52BAAC99300221970 /* Build configuration list for PBXNativeTarget "LotsAndHotsUITests" */ = {
			isa = XCConfigurationList;
			buildConfigurations = (
				83CC17D62BAAC99300221970 /* Debug */,
				83CC17D72BAAC99300221970 /* Release */,
			);
			defaultConfigurationIsVisible = 0;
			defaultConfigurationName = Release;
		};
/* End XCConfigurationList section */

/* Begin XCRemoteSwiftPackageReference section */
		83694EAD2BAD6071002D1AE2 /* XCRemoteSwiftPackageReference "SDWebImageSwiftUI" */ = {
			isa = XCRemoteSwiftPackageReference;
			repositoryURL = "https://github.com/SDWebImage/SDWebImageSwiftUI.git";
			requirement = {
				kind = upToNextMajorVersion;
				minimumVersion = 3.0.1;
			};
		};
		83B23E2C2BAB26A500AAF263 /* XCRemoteSwiftPackageReference "CountryPicker" */ = {
			isa = XCRemoteSwiftPackageReference;
			repositoryURL = "https://github.com/mobven/CountryPicker.git";
			requirement = {
				kind = upToNextMajorVersion;
				minimumVersion = 2.0.3;
			};
		};
/* End XCRemoteSwiftPackageReference section */

/* Begin XCSwiftPackageProductDependency section */
		83694EAE2BAD6071002D1AE2 /* SDWebImageSwiftUI */ = {
			isa = XCSwiftPackageProductDependency;
			package = 83694EAD2BAD6071002D1AE2 /* XCRemoteSwiftPackageReference "SDWebImageSwiftUI" */;
			productName = SDWebImageSwiftUI;
		};
		83B23E2F2BAB35B200AAF263 /* CountryPicker */ = {
			isa = XCSwiftPackageProductDependency;
			package = 83B23E2C2BAB26A500AAF263 /* XCRemoteSwiftPackageReference "CountryPicker" */;
			productName = CountryPicker;
		};
/* End XCSwiftPackageProductDependency section */
	};
	rootObject = 83CC17A32BAAC99200221970 /* Project object */;
}
